// !$*UTF8*$!
{
	archiveVersion = 1;
	classes = {
	};
	objectVersion = 50;
	objects = {

/* Begin PBXBuildFile section */
		C441F07225C2D87A008E1ADE /* Styles.swift in Sources */ = {isa = PBXBuildFile; fileRef = C441F07125C2D87A008E1ADE /* Styles.swift */; };
		C441F07325C2D87A008E1ADE /* Styles.swift in Sources */ = {isa = PBXBuildFile; fileRef = C441F07125C2D87A008E1ADE /* Styles.swift */; };
		C441F07925C2D8A0008E1ADE /* ITS90Contants.swift in Sources */ = {isa = PBXBuildFile; fileRef = C441F07825C2D8A0008E1ADE /* ITS90Contants.swift */; };
		C441F07A25C2D8A0008E1ADE /* ITS90Contants.swift in Sources */ = {isa = PBXBuildFile; fileRef = C441F07825C2D8A0008E1ADE /* ITS90Contants.swift */; };
		C4E8EC0C25C2D225002E3367 /* Tests_iOS.swift in Sources */ = {isa = PBXBuildFile; fileRef = C4E8EC0B25C2D225002E3367 /* Tests_iOS.swift */; };
		C4E8EC1725C2D225002E3367 /* Tests_macOS.swift in Sources */ = {isa = PBXBuildFile; fileRef = C4E8EC1625C2D225002E3367 /* Tests_macOS.swift */; };
		C4E8EC1925C2D225002E3367 /* ITS90.swift in Sources */ = {isa = PBXBuildFile; fileRef = C4E8EBEF25C2D224002E3367 /* ITS90.swift */; };
		C4E8EC1A25C2D225002E3367 /* ITS90.swift in Sources */ = {isa = PBXBuildFile; fileRef = C4E8EBEF25C2D224002E3367 /* ITS90.swift */; };
		C4E8EC1D25C2D225002E3367 /* ContentView.swift in Sources */ = {isa = PBXBuildFile; fileRef = C4E8EBF125C2D224002E3367 /* ContentView.swift */; };
		C4E8EC1E25C2D225002E3367 /* ContentView.swift in Sources */ = {isa = PBXBuildFile; fileRef = C4E8EBF125C2D224002E3367 /* ContentView.swift */; };
		C4E8EC1F25C2D225002E3367 /* Assets.xcassets in Resources */ = {isa = PBXBuildFile; fileRef = C4E8EBF225C2D225002E3367 /* Assets.xcassets */; };
		C4E8EC2025C2D225002E3367 /* Assets.xcassets in Resources */ = {isa = PBXBuildFile; fileRef = C4E8EBF225C2D225002E3367 /* Assets.xcassets */; };
/* End PBXBuildFile section */

/* Begin PBXContainerItemProxy section */
		C4E8EC0825C2D225002E3367 /* PBXContainerItemProxy */ = {
			isa = PBXContainerItemProxy;
			containerPortal = C4E8EBEA25C2D223002E3367 /* Project object */;
			proxyType = 1;
			remoteGlobalIDString = C4E8EBF625C2D225002E3367;
			remoteInfo = "ITS90MultiPlatform (iOS)";
		};
		C4E8EC1325C2D225002E3367 /* PBXContainerItemProxy */ = {
			isa = PBXContainerItemProxy;
			containerPortal = C4E8EBEA25C2D223002E3367 /* Project object */;
			proxyType = 1;
			remoteGlobalIDString = C4E8EBFE25C2D225002E3367;
			remoteInfo = "ITS90MultiPlatform (macOS)";
		};
/* End PBXContainerItemProxy section */

/* Begin PBXFileReference section */
		C441F07125C2D87A008E1ADE /* Styles.swift */ = {isa = PBXFileReference; lastKnownFileType = sourcecode.swift; path = Styles.swift; sourceTree = "<group>"; };
		C441F07825C2D8A0008E1ADE /* ITS90Contants.swift */ = {isa = PBXFileReference; lastKnownFileType = sourcecode.swift; path = ITS90Contants.swift; sourceTree = "<group>"; };
		C4E8EBEF25C2D224002E3367 /* ITS90.swift */ = {isa = PBXFileReference; lastKnownFileType = sourcecode.swift; path = ITS90.swift; sourceTree = "<group>"; };
		C4E8EBF125C2D224002E3367 /* ContentView.swift */ = {isa = PBXFileReference; lastKnownFileType = sourcecode.swift; path = ContentView.swift; sourceTree = "<group>"; };
		C4E8EBF225C2D225002E3367 /* Assets.xcassets */ = {isa = PBXFileReference; lastKnownFileType = folder.assetcatalog; path = Assets.xcassets; sourceTree = "<group>"; };
		C4E8EBF725C2D225002E3367 /* ITS90 Calculator.app */ = {isa = PBXFileReference; explicitFileType = wrapper.application; includeInIndex = 0; path = "ITS90 Calculator.app"; sourceTree = BUILT_PRODUCTS_DIR; };
		C4E8EBFA25C2D225002E3367 /* Info.plist */ = {isa = PBXFileReference; lastKnownFileType = text.plist.xml; path = Info.plist; sourceTree = "<group>"; };
		C4E8EBFF25C2D225002E3367 /* ITS90MultiPlatform.app */ = {isa = PBXFileReference; explicitFileType = wrapper.application; includeInIndex = 0; path = ITS90MultiPlatform.app; sourceTree = BUILT_PRODUCTS_DIR; };
		C4E8EC0125C2D225002E3367 /* Info.plist */ = {isa = PBXFileReference; lastKnownFileType = text.plist.xml; path = Info.plist; sourceTree = "<group>"; };
		C4E8EC0225C2D225002E3367 /* macOS.entitlements */ = {isa = PBXFileReference; lastKnownFileType = text.plist.entitlements; path = macOS.entitlements; sourceTree = "<group>"; };
		C4E8EC0725C2D225002E3367 /* Tests iOS.xctest */ = {isa = PBXFileReference; explicitFileType = wrapper.cfbundle; includeInIndex = 0; path = "Tests iOS.xctest"; sourceTree = BUILT_PRODUCTS_DIR; };
		C4E8EC0B25C2D225002E3367 /* Tests_iOS.swift */ = {isa = PBXFileReference; lastKnownFileType = sourcecode.swift; path = Tests_iOS.swift; sourceTree = "<group>"; };
		C4E8EC0D25C2D225002E3367 /* Info.plist */ = {isa = PBXFileReference; lastKnownFileType = text.plist.xml; path = Info.plist; sourceTree = "<group>"; };
		C4E8EC1225C2D225002E3367 /* Tests macOS.xctest */ = {isa = PBXFileReference; explicitFileType = wrapper.cfbundle; includeInIndex = 0; path = "Tests macOS.xctest"; sourceTree = BUILT_PRODUCTS_DIR; };
		C4E8EC1625C2D225002E3367 /* Tests_macOS.swift */ = {isa = PBXFileReference; lastKnownFileType = sourcecode.swift; path = Tests_macOS.swift; sourceTree = "<group>"; };
		C4E8EC1825C2D225002E3367 /* Info.plist */ = {isa = PBXFileReference; lastKnownFileType = text.plist.xml; path = Info.plist; sourceTree = "<group>"; };
		C4E8EC3325C2D25E002E3367 /* ITS90MultiPlatform.entitlements */ = {isa = PBXFileReference; lastKnownFileType = text.plist.entitlements; path = ITS90MultiPlatform.entitlements; sourceTree = "<group>"; };
/* End PBXFileReference section */

/* Begin PBXFrameworksBuildPhase section */
		C4E8EBF425C2D225002E3367 /* Frameworks */ = {
			isa = PBXFrameworksBuildPhase;
			buildActionMask = 2147483647;
			files = (
			);
			runOnlyForDeploymentPostprocessing = 0;
		};
		C4E8EBFC25C2D225002E3367 /* Frameworks */ = {
			isa = PBXFrameworksBuildPhase;
			buildActionMask = 2147483647;
			files = (
			);
			runOnlyForDeploymentPostprocessing = 0;
		};
		C4E8EC0425C2D225002E3367 /* Frameworks */ = {
			isa = PBXFrameworksBuildPhase;
			buildActionMask = 2147483647;
			files = (
			);
			runOnlyForDeploymentPostprocessing = 0;
		};
		C4E8EC0F25C2D225002E3367 /* Frameworks */ = {
			isa = PBXFrameworksBuildPhase;
			buildActionMask = 2147483647;
			files = (
			);
			runOnlyForDeploymentPostprocessing = 0;
		};
/* End PBXFrameworksBuildPhase section */

/* Begin PBXGroup section */
		C4E8EBE925C2D223002E3367 = {
			isa = PBXGroup;
			children = (
				C4E8EC3325C2D25E002E3367 /* ITS90MultiPlatform.entitlements */,
				C4E8EBEE25C2D224002E3367 /* Shared */,
				C4E8EBF925C2D225002E3367 /* iOS */,
				C4E8EC0025C2D225002E3367 /* macOS */,
				C4E8EC0A25C2D225002E3367 /* Tests iOS */,
				C4E8EC1525C2D225002E3367 /* Tests macOS */,
				C4E8EBF825C2D225002E3367 /* Products */,
			);
			sourceTree = "<group>";
		};
		C4E8EBEE25C2D224002E3367 /* Shared */ = {
			isa = PBXGroup;
			children = (
				C4E8EBEF25C2D224002E3367 /* ITS90.swift */,
				C4E8EBF125C2D224002E3367 /* ContentView.swift */,
				C4E8EBF225C2D225002E3367 /* Assets.xcassets */,
				C441F07125C2D87A008E1ADE /* Styles.swift */,
				C441F07825C2D8A0008E1ADE /* ITS90Contants.swift */,
			);
			path = Shared;
			sourceTree = "<group>";
		};
		C4E8EBF825C2D225002E3367 /* Products */ = {
			isa = PBXGroup;
			children = (
				C4E8EBF725C2D225002E3367 /* ITS90 Calculator.app */,
				C4E8EBFF25C2D225002E3367 /* ITS90MultiPlatform.app */,
				C4E8EC0725C2D225002E3367 /* Tests iOS.xctest */,
				C4E8EC1225C2D225002E3367 /* Tests macOS.xctest */,
			);
			name = Products;
			sourceTree = "<group>";
		};
		C4E8EBF925C2D225002E3367 /* iOS */ = {
			isa = PBXGroup;
			children = (
				C4E8EBFA25C2D225002E3367 /* Info.plist */,
			);
			path = iOS;
			sourceTree = "<group>";
		};
		C4E8EC0025C2D225002E3367 /* macOS */ = {
			isa = PBXGroup;
			children = (
				C4E8EC0125C2D225002E3367 /* Info.plist */,
				C4E8EC0225C2D225002E3367 /* macOS.entitlements */,
			);
			path = macOS;
			sourceTree = "<group>";
		};
		C4E8EC0A25C2D225002E3367 /* Tests iOS */ = {
			isa = PBXGroup;
			children = (
				C4E8EC0B25C2D225002E3367 /* Tests_iOS.swift */,
				C4E8EC0D25C2D225002E3367 /* Info.plist */,
			);
			path = "Tests iOS";
			sourceTree = "<group>";
		};
		C4E8EC1525C2D225002E3367 /* Tests macOS */ = {
			isa = PBXGroup;
			children = (
				C4E8EC1625C2D225002E3367 /* Tests_macOS.swift */,
				C4E8EC1825C2D225002E3367 /* Info.plist */,
			);
			path = "Tests macOS";
			sourceTree = "<group>";
		};
/* End PBXGroup section */

/* Begin PBXNativeTarget section */
		C4E8EBF625C2D225002E3367 /* ITS90MultiPlatform (iOS) */ = {
			isa = PBXNativeTarget;
			buildConfigurationList = C4E8EC2325C2D225002E3367 /* Build configuration list for PBXNativeTarget "ITS90MultiPlatform (iOS)" */;
			buildPhases = (
				C4E8EBF325C2D225002E3367 /* Sources */,
				C4E8EBF425C2D225002E3367 /* Frameworks */,
				C4E8EBF525C2D225002E3367 /* Resources */,
			);
			buildRules = (
			);
			dependencies = (
			);
			name = "ITS90MultiPlatform (iOS)";
			productName = "ITS90MultiPlatform (iOS)";
			productReference = C4E8EBF725C2D225002E3367 /* ITS90 Calculator.app */;
			productType = "com.apple.product-type.application";
		};
		C4E8EBFE25C2D225002E3367 /* ITS90MultiPlatform (macOS) */ = {
			isa = PBXNativeTarget;
			buildConfigurationList = C4E8EC2625C2D225002E3367 /* Build configuration list for PBXNativeTarget "ITS90MultiPlatform (macOS)" */;
			buildPhases = (
				C4E8EBFB25C2D225002E3367 /* Sources */,
				C4E8EBFC25C2D225002E3367 /* Frameworks */,
				C4E8EBFD25C2D225002E3367 /* Resources */,
			);
			buildRules = (
			);
			dependencies = (
			);
			name = "ITS90MultiPlatform (macOS)";
			productName = "ITS90MultiPlatform (macOS)";
			productReference = C4E8EBFF25C2D225002E3367 /* ITS90MultiPlatform.app */;
			productType = "com.apple.product-type.application";
		};
		C4E8EC0625C2D225002E3367 /* Tests iOS */ = {
			isa = PBXNativeTarget;
			buildConfigurationList = C4E8EC2925C2D225002E3367 /* Build configuration list for PBXNativeTarget "Tests iOS" */;
			buildPhases = (
				C4E8EC0325C2D225002E3367 /* Sources */,
				C4E8EC0425C2D225002E3367 /* Frameworks */,
				C4E8EC0525C2D225002E3367 /* Resources */,
			);
			buildRules = (
			);
			dependencies = (
				C4E8EC0925C2D225002E3367 /* PBXTargetDependency */,
			);
			name = "Tests iOS";
			productName = "Tests iOS";
			productReference = C4E8EC0725C2D225002E3367 /* Tests iOS.xctest */;
			productType = "com.apple.product-type.bundle.ui-testing";
		};
		C4E8EC1125C2D225002E3367 /* Tests macOS */ = {
			isa = PBXNativeTarget;
			buildConfigurationList = C4E8EC2C25C2D225002E3367 /* Build configuration list for PBXNativeTarget "Tests macOS" */;
			buildPhases = (
				C4E8EC0E25C2D225002E3367 /* Sources */,
				C4E8EC0F25C2D225002E3367 /* Frameworks */,
				C4E8EC1025C2D225002E3367 /* Resources */,
			);
			buildRules = (
			);
			dependencies = (
				C4E8EC1425C2D225002E3367 /* PBXTargetDependency */,
			);
			name = "Tests macOS";
			productName = "Tests macOS";
			productReference = C4E8EC1225C2D225002E3367 /* Tests macOS.xctest */;
			productType = "com.apple.product-type.bundle.ui-testing";
		};
/* End PBXNativeTarget section */

/* Begin PBXProject section */
		C4E8EBEA25C2D223002E3367 /* Project object */ = {
			isa = PBXProject;
			attributes = {
				LastSwiftUpdateCheck = 1230;
				LastUpgradeCheck = 1230;
				TargetAttributes = {
					C4E8EBF625C2D225002E3367 = {
						CreatedOnToolsVersion = 12.3;
					};
					C4E8EBFE25C2D225002E3367 = {
						CreatedOnToolsVersion = 12.3;
					};
					C4E8EC0625C2D225002E3367 = {
						CreatedOnToolsVersion = 12.3;
						TestTargetID = C4E8EBF625C2D225002E3367;
					};
					C4E8EC1125C2D225002E3367 = {
						CreatedOnToolsVersion = 12.3;
						TestTargetID = C4E8EBFE25C2D225002E3367;
					};
				};
			};
			buildConfigurationList = C4E8EBED25C2D223002E3367 /* Build configuration list for PBXProject "ITS90MultiPlatform" */;
			compatibilityVersion = "Xcode 9.3";
			developmentRegion = en;
			hasScannedForEncodings = 0;
			knownRegions = (
				en,
				Base,
			);
			mainGroup = C4E8EBE925C2D223002E3367;
			productRefGroup = C4E8EBF825C2D225002E3367 /* Products */;
			projectDirPath = "";
			projectRoot = "";
			targets = (
				C4E8EBF625C2D225002E3367 /* ITS90MultiPlatform (iOS) */,
				C4E8EBFE25C2D225002E3367 /* ITS90MultiPlatform (macOS) */,
				C4E8EC0625C2D225002E3367 /* Tests iOS */,
				C4E8EC1125C2D225002E3367 /* Tests macOS */,
			);
		};
/* End PBXProject section */

/* Begin PBXResourcesBuildPhase section */
		C4E8EBF525C2D225002E3367 /* Resources */ = {
			isa = PBXResourcesBuildPhase;
			buildActionMask = 2147483647;
			files = (
				C4E8EC1F25C2D225002E3367 /* Assets.xcassets in Resources */,
			);
			runOnlyForDeploymentPostprocessing = 0;
		};
		C4E8EBFD25C2D225002E3367 /* Resources */ = {
			isa = PBXResourcesBuildPhase;
			buildActionMask = 2147483647;
			files = (
				C4E8EC2025C2D225002E3367 /* Assets.xcassets in Resources */,
			);
			runOnlyForDeploymentPostprocessing = 0;
		};
		C4E8EC0525C2D225002E3367 /* Resources */ = {
			isa = PBXResourcesBuildPhase;
			buildActionMask = 2147483647;
			files = (
			);
			runOnlyForDeploymentPostprocessing = 0;
		};
		C4E8EC1025C2D225002E3367 /* Resources */ = {
			isa = PBXResourcesBuildPhase;
			buildActionMask = 2147483647;
			files = (
			);
			runOnlyForDeploymentPostprocessing = 0;
		};
/* End PBXResourcesBuildPhase section */

/* Begin PBXSourcesBuildPhase section */
		C4E8EBF325C2D225002E3367 /* Sources */ = {
			isa = PBXSourcesBuildPhase;
			buildActionMask = 2147483647;
			files = (
				C441F07925C2D8A0008E1ADE /* ITS90Contants.swift in Sources */,
				C4E8EC1925C2D225002E3367 /* ITS90.swift in Sources */,
				C4E8EC1D25C2D225002E3367 /* ContentView.swift in Sources */,
				C441F07225C2D87A008E1ADE /* Styles.swift in Sources */,
			);
			runOnlyForDeploymentPostprocessing = 0;
		};
		C4E8EBFB25C2D225002E3367 /* Sources */ = {
			isa = PBXSourcesBuildPhase;
			buildActionMask = 2147483647;
			files = (
				C441F07A25C2D8A0008E1ADE /* ITS90Contants.swift in Sources */,
				C4E8EC1A25C2D225002E3367 /* ITS90.swift in Sources */,
				C4E8EC1E25C2D225002E3367 /* ContentView.swift in Sources */,
				C441F07325C2D87A008E1ADE /* Styles.swift in Sources */,
			);
			runOnlyForDeploymentPostprocessing = 0;
		};
		C4E8EC0325C2D225002E3367 /* Sources */ = {
			isa = PBXSourcesBuildPhase;
			buildActionMask = 2147483647;
			files = (
				C4E8EC0C25C2D225002E3367 /* Tests_iOS.swift in Sources */,
			);
			runOnlyForDeploymentPostprocessing = 0;
		};
		C4E8EC0E25C2D225002E3367 /* Sources */ = {
			isa = PBXSourcesBuildPhase;
			buildActionMask = 2147483647;
			files = (
				C4E8EC1725C2D225002E3367 /* Tests_macOS.swift in Sources */,
			);
			runOnlyForDeploymentPostprocessing = 0;
		};
/* End PBXSourcesBuildPhase section */

/* Begin PBXTargetDependency section */
		C4E8EC0925C2D225002E3367 /* PBXTargetDependency */ = {
			isa = PBXTargetDependency;
			target = C4E8EBF625C2D225002E3367 /* ITS90MultiPlatform (iOS) */;
			targetProxy = C4E8EC0825C2D225002E3367 /* PBXContainerItemProxy */;
		};
		C4E8EC1425C2D225002E3367 /* PBXTargetDependency */ = {
			isa = PBXTargetDependency;
			target = C4E8EBFE25C2D225002E3367 /* ITS90MultiPlatform (macOS) */;
			targetProxy = C4E8EC1325C2D225002E3367 /* PBXContainerItemProxy */;
		};
/* End PBXTargetDependency section */

/* Begin XCBuildConfiguration section */
		C4E8EC2125C2D225002E3367 /* Debug */ = {
			isa = XCBuildConfiguration;
			buildSettings = {
				ALWAYS_SEARCH_USER_PATHS = NO;
				CLANG_ANALYZER_NONNULL = YES;
				CLANG_ANALYZER_NUMBER_OBJECT_CONVERSION = YES_AGGRESSIVE;
				CLANG_CXX_LANGUAGE_STANDARD = "gnu++14";
				CLANG_CXX_LIBRARY = "libc++";
				CLANG_ENABLE_MODULES = YES;
				CLANG_ENABLE_OBJC_ARC = YES;
				CLANG_ENABLE_OBJC_WEAK = YES;
				CLANG_WARN_BLOCK_CAPTURE_AUTORELEASING = YES;
				CLANG_WARN_BOOL_CONVERSION = YES;
				CLANG_WARN_COMMA = YES;
				CLANG_WARN_CONSTANT_CONVERSION = YES;
				CLANG_WARN_DEPRECATED_OBJC_IMPLEMENTATIONS = YES;
				CLANG_WARN_DIRECT_OBJC_ISA_USAGE = YES_ERROR;
				CLANG_WARN_DOCUMENTATION_COMMENTS = YES;
				CLANG_WARN_EMPTY_BODY = YES;
				CLANG_WARN_ENUM_CONVERSION = YES;
				CLANG_WARN_INFINITE_RECURSION = YES;
				CLANG_WARN_INT_CONVERSION = YES;
				CLANG_WARN_NON_LITERAL_NULL_CONVERSION = YES;
				CLANG_WARN_OBJC_IMPLICIT_RETAIN_SELF = YES;
				CLANG_WARN_OBJC_LITERAL_CONVERSION = YES;
				CLANG_WARN_OBJC_ROOT_CLASS = YES_ERROR;
				CLANG_WARN_QUOTED_INCLUDE_IN_FRAMEWORK_HEADER = YES;
				CLANG_WARN_RANGE_LOOP_ANALYSIS = YES;
				CLANG_WARN_STRICT_PROTOTYPES = YES;
				CLANG_WARN_SUSPICIOUS_MOVE = YES;
				CLANG_WARN_UNGUARDED_AVAILABILITY = YES_AGGRESSIVE;
				CLANG_WARN_UNREACHABLE_CODE = YES;
				CLANG_WARN__DUPLICATE_METHOD_MATCH = YES;
				COPY_PHASE_STRIP = NO;
				DEBUG_INFORMATION_FORMAT = dwarf;
				ENABLE_STRICT_OBJC_MSGSEND = YES;
				ENABLE_TESTABILITY = YES;
				GCC_C_LANGUAGE_STANDARD = gnu11;
				GCC_DYNAMIC_NO_PIC = NO;
				GCC_NO_COMMON_BLOCKS = YES;
				GCC_OPTIMIZATION_LEVEL = 0;
				GCC_PREPROCESSOR_DEFINITIONS = (
					"DEBUG=1",
					"$(inherited)",
				);
				GCC_WARN_64_TO_32_BIT_CONVERSION = YES;
				GCC_WARN_ABOUT_RETURN_TYPE = YES_ERROR;
				GCC_WARN_UNDECLARED_SELECTOR = YES;
				GCC_WARN_UNINITIALIZED_AUTOS = YES_AGGRESSIVE;
				GCC_WARN_UNUSED_FUNCTION = YES;
				GCC_WARN_UNUSED_VARIABLE = YES;
				MTL_ENABLE_DEBUG_INFO = INCLUDE_SOURCE;
				MTL_FAST_MATH = YES;
				ONLY_ACTIVE_ARCH = YES;
				SWIFT_ACTIVE_COMPILATION_CONDITIONS = DEBUG;
				SWIFT_OPTIMIZATION_LEVEL = "-Onone";
			};
			name = Debug;
		};
		C4E8EC2225C2D225002E3367 /* Release */ = {
			isa = XCBuildConfiguration;
			buildSettings = {
				ALWAYS_SEARCH_USER_PATHS = NO;
				CLANG_ANALYZER_NONNULL = YES;
				CLANG_ANALYZER_NUMBER_OBJECT_CONVERSION = YES_AGGRESSIVE;
				CLANG_CXX_LANGUAGE_STANDARD = "gnu++14";
				CLANG_CXX_LIBRARY = "libc++";
				CLANG_ENABLE_MODULES = YES;
				CLANG_ENABLE_OBJC_ARC = YES;
				CLANG_ENABLE_OBJC_WEAK = YES;
				CLANG_WARN_BLOCK_CAPTURE_AUTORELEASING = YES;
				CLANG_WARN_BOOL_CONVERSION = YES;
				CLANG_WARN_COMMA = YES;
				CLANG_WARN_CONSTANT_CONVERSION = YES;
				CLANG_WARN_DEPRECATED_OBJC_IMPLEMENTATIONS = YES;
				CLANG_WARN_DIRECT_OBJC_ISA_USAGE = YES_ERROR;
				CLANG_WARN_DOCUMENTATION_COMMENTS = YES;
				CLANG_WARN_EMPTY_BODY = YES;
				CLANG_WARN_ENUM_CONVERSION = YES;
				CLANG_WARN_INFINITE_RECURSION = YES;
				CLANG_WARN_INT_CONVERSION = YES;
				CLANG_WARN_NON_LITERAL_NULL_CONVERSION = YES;
				CLANG_WARN_OBJC_IMPLICIT_RETAIN_SELF = YES;
				CLANG_WARN_OBJC_LITERAL_CONVERSION = YES;
				CLANG_WARN_OBJC_ROOT_CLASS = YES_ERROR;
				CLANG_WARN_QUOTED_INCLUDE_IN_FRAMEWORK_HEADER = YES;
				CLANG_WARN_RANGE_LOOP_ANALYSIS = YES;
				CLANG_WARN_STRICT_PROTOTYPES = YES;
				CLANG_WARN_SUSPICIOUS_MOVE = YES;
				CLANG_WARN_UNGUARDED_AVAILABILITY = YES_AGGRESSIVE;
				CLANG_WARN_UNREACHABLE_CODE = YES;
				CLANG_WARN__DUPLICATE_METHOD_MATCH = YES;
				COPY_PHASE_STRIP = NO;
				DEBUG_INFORMATION_FORMAT = "dwarf-with-dsym";
				ENABLE_NS_ASSERTIONS = NO;
				ENABLE_STRICT_OBJC_MSGSEND = YES;
				GCC_C_LANGUAGE_STANDARD = gnu11;
				GCC_NO_COMMON_BLOCKS = YES;
				GCC_WARN_64_TO_32_BIT_CONVERSION = YES;
				GCC_WARN_ABOUT_RETURN_TYPE = YES_ERROR;
				GCC_WARN_UNDECLARED_SELECTOR = YES;
				GCC_WARN_UNINITIALIZED_AUTOS = YES_AGGRESSIVE;
				GCC_WARN_UNUSED_FUNCTION = YES;
				GCC_WARN_UNUSED_VARIABLE = YES;
				MTL_ENABLE_DEBUG_INFO = NO;
				MTL_FAST_MATH = YES;
				SWIFT_COMPILATION_MODE = wholemodule;
				SWIFT_OPTIMIZATION_LEVEL = "-O";
			};
			name = Release;
		};
		C4E8EC2425C2D225002E3367 /* Debug */ = {
			isa = XCBuildConfiguration;
			buildSettings = {
				ASSETCATALOG_COMPILER_APPICON_NAME = AppIcon;
				ASSETCATALOG_COMPILER_GLOBAL_ACCENT_COLOR_NAME = AccentColor;
				CODE_SIGN_ENTITLEMENTS = ITS90MultiPlatform.entitlements;
				CODE_SIGN_IDENTITY = "iPhone Distribution";
				CODE_SIGN_STYLE = Manual;
				CURRENT_PROJECT_VERSION = 3;
				DEVELOPMENT_TEAM = UXZ243JA6N;
				ENABLE_PREVIEWS = YES;
				INFOPLIST_FILE = iOS/Info.plist;
				IPHONEOS_DEPLOYMENT_TARGET = 14.0;
				LD_RUNPATH_SEARCH_PATHS = (
					"$(inherited)",
					"@executable_path/Frameworks",
				);
				PRODUCT_BUNDLE_IDENTIFIER = com.harwell.ITSNinetyCalculator;
				PRODUCT_NAME = "ITS90 Calculator";
				PROVISIONING_PROFILE_SPECIFIER = "ITS-90 Calculator";
				SDKROOT = iphoneos;
				SUPPORTS_MACCATALYST = NO;
				SWIFT_VERSION = 5.0;
				TARGETED_DEVICE_FAMILY = "1,2";
			};
			name = Debug;
		};
		C4E8EC2525C2D225002E3367 /* Release */ = {
			isa = XCBuildConfiguration;
			buildSettings = {
				ASSETCATALOG_COMPILER_APPICON_NAME = AppIcon;
				ASSETCATALOG_COMPILER_GLOBAL_ACCENT_COLOR_NAME = AccentColor;
				CODE_SIGN_ENTITLEMENTS = ITS90MultiPlatform.entitlements;
				CODE_SIGN_IDENTITY = "iPhone Distribution";
				CODE_SIGN_STYLE = Manual;
				CURRENT_PROJECT_VERSION = 3;
				DEVELOPMENT_TEAM = UXZ243JA6N;
				ENABLE_PREVIEWS = YES;
				INFOPLIST_FILE = iOS/Info.plist;
				IPHONEOS_DEPLOYMENT_TARGET = 14.0;
				LD_RUNPATH_SEARCH_PATHS = (
					"$(inherited)",
					"@executable_path/Frameworks",
				);
				PRODUCT_BUNDLE_IDENTIFIER = com.harwell.ITSNinetyCalculator;
				PRODUCT_NAME = "ITS90 Calculator";
				PROVISIONING_PROFILE_SPECIFIER = "ITS-90 Calculator";
				SDKROOT = iphoneos;
				SUPPORTS_MACCATALYST = NO;
				SWIFT_VERSION = 5.0;
				TARGETED_DEVICE_FAMILY = "1,2";
				VALIDATE_PRODUCT = YES;
			};
			name = Release;
		};
		C4E8EC2725C2D225002E3367 /* Debug */ = {
			isa = XCBuildConfiguration;
			buildSettings = {
				ASSETCATALOG_COMPILER_APPICON_NAME = AppIcon;
				ASSETCATALOG_COMPILER_GLOBAL_ACCENT_COLOR_NAME = AccentColor;
				CODE_SIGN_ENTITLEMENTS = macOS/macOS.entitlements;
				CODE_SIGN_STYLE = Automatic;
				COMBINE_HIDPI_IMAGES = YES;
				DEVELOPMENT_TEAM = 5547AS9F8Y;
				ENABLE_PREVIEWS = YES;
				INFOPLIST_FILE = macOS/Info.plist;
				LD_RUNPATH_SEARCH_PATHS = (
					"$(inherited)",
					"@executable_path/../Frameworks",
				);
				MACOSX_DEPLOYMENT_TARGET = 11.0;
				PRODUCT_BUNDLE_IDENTIFIER = com.harwell.ITS90MultiPlatform;
				PRODUCT_NAME = ITS90MultiPlatform;
				SDKROOT = macosx;
				SWIFT_VERSION = 5.0;
			};
			name = Debug;
		};
		C4E8EC2825C2D225002E3367 /* Release */ = {
			isa = XCBuildConfiguration;
			buildSettings = {
				ASSETCATALOG_COMPILER_APPICON_NAME = AppIcon;
				ASSETCATALOG_COMPILER_GLOBAL_ACCENT_COLOR_NAME = AccentColor;
				CODE_SIGN_ENTITLEMENTS = macOS/macOS.entitlements;
				CODE_SIGN_STYLE = Automatic;
				COMBINE_HIDPI_IMAGES = YES;
				DEVELOPMENT_TEAM = 5547AS9F8Y;
				ENABLE_PREVIEWS = YES;
				INFOPLIST_FILE = macOS/Info.plist;
				LD_RUNPATH_SEARCH_PATHS = (
					"$(inherited)",
					"@executable_path/../Frameworks",
				);
				MACOSX_DEPLOYMENT_TARGET = 11.0;
				PRODUCT_BUNDLE_IDENTIFIER = com.harwell.ITS90MultiPlatform;
				PRODUCT_NAME = ITS90MultiPlatform;
				SDKROOT = macosx;
				SWIFT_VERSION = 5.0;
			};
			name = Release;
		};
		C4E8EC2A25C2D225002E3367 /* Debug */ = {
			isa = XCBuildConfiguration;
			buildSettings = {
				ALWAYS_EMBED_SWIFT_STANDARD_LIBRARIES = YES;
				CODE_SIGN_STYLE = Automatic;
				INFOPLIST_FILE = "Tests iOS/Info.plist";
				IPHONEOS_DEPLOYMENT_TARGET = 14.3;
				LD_RUNPATH_SEARCH_PATHS = (
					"$(inherited)",
					"@executable_path/Frameworks",
					"@loader_path/Frameworks",
				);
				PRODUCT_BUNDLE_IDENTIFIER = "com.harwell.Tests-iOS";
				PRODUCT_NAME = "$(TARGET_NAME)";
				SDKROOT = iphoneos;
				SWIFT_VERSION = 5.0;
				TARGETED_DEVICE_FAMILY = "1,2";
				TEST_TARGET_NAME = "ITS90MultiPlatform (iOS)";
			};
			name = Debug;
		};
		C4E8EC2B25C2D225002E3367 /* Release */ = {
			isa = XCBuildConfiguration;
			buildSettings = {
				ALWAYS_EMBED_SWIFT_STANDARD_LIBRARIES = YES;
				CODE_SIGN_STYLE = Automatic;
				INFOPLIST_FILE = "Tests iOS/Info.plist";
				IPHONEOS_DEPLOYMENT_TARGET = 14.3;
				LD_RUNPATH_SEARCH_PATHS = (
					"$(inherited)",
					"@executable_path/Frameworks",
					"@loader_path/Frameworks",
				);
				PRODUCT_BUNDLE_IDENTIFIER = "com.harwell.Tests-iOS";
				PRODUCT_NAME = "$(TARGET_NAME)";
				SDKROOT = iphoneos;
				SWIFT_VERSION = 5.0;
				TARGETED_DEVICE_FAMILY = "1,2";
				TEST_TARGET_NAME = "ITS90MultiPlatform (iOS)";
				VALIDATE_PRODUCT = YES;
			};
			name = Release;
		};
		C4E8EC2D25C2D225002E3367 /* Debug */ = {
			isa = XCBuildConfiguration;
			buildSettings = {
				ALWAYS_EMBED_SWIFT_STANDARD_LIBRARIES = YES;
				CODE_SIGN_STYLE = Automatic;
				COMBINE_HIDPI_IMAGES = YES;
				INFOPLIST_FILE = "Tests macOS/Info.plist";
				LD_RUNPATH_SEARCH_PATHS = (
					"$(inherited)",
					"@executable_path/../Frameworks",
					"@loader_path/../Frameworks",
				);
				MACOSX_DEPLOYMENT_TARGET = 11.1;
				PRODUCT_BUNDLE_IDENTIFIER = "com.harwell.Tests-macOS";
				PRODUCT_NAME = "$(TARGET_NAME)";
				SDKROOT = macosx;
				SWIFT_VERSION = 5.0;
				TEST_TARGET_NAME = "ITS90MultiPlatform (macOS)";
			};
			name = Debug;
		};
		C4E8EC2E25C2D225002E3367 /* Release */ = {
			isa = XCBuildConfiguration;
			buildSettings = {
				ALWAYS_EMBED_SWIFT_STANDARD_LIBRARIES = YES;
				CODE_SIGN_STYLE = Automatic;
				COMBINE_HIDPI_IMAGES = YES;
				INFOPLIST_FILE = "Tests macOS/Info.plist";
				LD_RUNPATH_SEARCH_PATHS = (
					"$(inherited)",
					"@executable_path/../Frameworks",
					"@loader_path/../Frameworks",
				);
				MACOSX_DEPLOYMENT_TARGET = 11.1;
				PRODUCT_BUNDLE_IDENTIFIER = "com.harwell.Tests-macOS";
				PRODUCT_NAME = "$(TARGET_NAME)";
				SDKROOT = macosx;
				SWIFT_VERSION = 5.0;
				TEST_TARGET_NAME = "ITS90MultiPlatform (macOS)";
			};
			name = Release;
		};
/* End XCBuildConfiguration section */

/* Begin XCConfigurationList section */
		C4E8EBED25C2D223002E3367 /* Build configuration list for PBXProject "ITS90MultiPlatform" */ = {
			isa = XCConfigurationList;
			buildConfigurations = (
				C4E8EC2125C2D225002E3367 /* Debug */,
				C4E8EC2225C2D225002E3367 /* Release */,
			);
			defaultConfigurationIsVisible = 0;
			defaultConfigurationName = Release;
		};
		C4E8EC2325C2D225002E3367 /* Build configuration list for PBXNativeTarget "ITS90MultiPlatform (iOS)" */ = {
			isa = XCConfigurationList;
			buildConfigurations = (
				C4E8EC2425C2D225002E3367 /* Debug */,
				C4E8EC2525C2D225002E3367 /* Release */,
			);
			defaultConfigurationIsVisible = 0;
			defaultConfigurationName = Release;
		};
		C4E8EC2625C2D225002E3367 /* Build configuration list for PBXNativeTarget "ITS90MultiPlatform (macOS)" */ = {
			isa = XCConfigurationList;
			buildConfigurations = (
				C4E8EC2725C2D225002E3367 /* Debug */,
				C4E8EC2825C2D225002E3367 /* Release */,
			);
			defaultConfigurationIsVisible = 0;
			defaultConfigurationName = Release;
		};
		C4E8EC2925C2D225002E3367 /* Build configuration list for PBXNativeTarget "Tests iOS" */ = {
			isa = XCConfigurationList;
			buildConfigurations = (
				C4E8EC2A25C2D225002E3367 /* Debug */,
				C4E8EC2B25C2D225002E3367 /* Release */,
			);
			defaultConfigurationIsVisible = 0;
			defaultConfigurationName = Release;
		};
		C4E8EC2C25C2D225002E3367 /* Build configuration list for PBXNativeTarget "Tests macOS" */ = {
			isa = XCConfigurationList;
			buildConfigurations = (
				C4E8EC2D25C2D225002E3367 /* Debug */,
				C4E8EC2E25C2D225002E3367 /* Release */,
			);
			defaultConfigurationIsVisible = 0;
			defaultConfigurationName = Release;
		};
/* End XCConfigurationList section */
	};
	rootObject = C4E8EBEA25C2D223002E3367 /* Project object */;
}
